// !$*UTF8*$!
{
	archiveVersion = 1;
	classes = {
	};
	objectVersion = 56;
	objects = {

/* Begin PBXBuildFile section */
		56467B61298BDBE700D487D7 /* ShiningApp.swift in Sources */ = {isa = PBXBuildFile; fileRef = 56467B60298BDBE700D487D7 /* ShiningApp.swift */; };
		56467B63298BDBE700D487D7 /* ContentView.swift in Sources */ = {isa = PBXBuildFile; fileRef = 56467B62298BDBE700D487D7 /* ContentView.swift */; };
		56467B65298BDBE800D487D7 /* Assets.xcassets in Resources */ = {isa = PBXBuildFile; fileRef = 56467B64298BDBE800D487D7 /* Assets.xcassets */; };
		56467B68298BDBE800D487D7 /* Preview Assets.xcassets in Resources */ = {isa = PBXBuildFile; fileRef = 56467B67298BDBE800D487D7 /* Preview Assets.xcassets */; };
		56467B72298BDBE800D487D7 /* ShiningTests.swift in Sources */ = {isa = PBXBuildFile; fileRef = 56467B71298BDBE800D487D7 /* ShiningTests.swift */; };
		56467B7C298BDBE800D487D7 /* ShiningUITests.swift in Sources */ = {isa = PBXBuildFile; fileRef = 56467B7B298BDBE800D487D7 /* ShiningUITests.swift */; };
		56467B7E298BDBE800D487D7 /* ShiningUITestsLaunchTests.swift in Sources */ = {isa = PBXBuildFile; fileRef = 56467B7D298BDBE800D487D7 /* ShiningUITestsLaunchTests.swift */; };
/* End PBXBuildFile section */

/* Begin PBXContainerItemProxy section */
		56467B6E298BDBE800D487D7 /* PBXContainerItemProxy */ = {
			isa = PBXContainerItemProxy;
			containerPortal = 56467B55298BDBE700D487D7 /* Project object */;
			proxyType = 1;
			remoteGlobalIDString = 56467B5C298BDBE700D487D7;
			remoteInfo = Shining;
		};
		56467B78298BDBE800D487D7 /* PBXContainerItemProxy */ = {
			isa = PBXContainerItemProxy;
			containerPortal = 56467B55298BDBE700D487D7 /* Project object */;
			proxyType = 1;
			remoteGlobalIDString = 56467B5C298BDBE700D487D7;
			remoteInfo = Shining;
		};
/* End PBXContainerItemProxy section */

/* Begin PBXFileReference section */
		56467B5D298BDBE700D487D7 /* Shining.app */ = {isa = PBXFileReference; explicitFileType = wrapper.application; includeInIndex = 0; path = Shining.app; sourceTree = BUILT_PRODUCTS_DIR; };
		56467B60298BDBE700D487D7 /* ShiningApp.swift */ = {isa = PBXFileReference; lastKnownFileType = sourcecode.swift; path = ShiningApp.swift; sourceTree = "<group>"; };
		56467B62298BDBE700D487D7 /* ContentView.swift */ = {isa = PBXFileReference; lastKnownFileType = sourcecode.swift; path = ContentView.swift; sourceTree = "<group>"; };
		56467B64298BDBE800D487D7 /* Assets.xcassets */ = {isa = PBXFileReference; lastKnownFileType = folder.assetcatalog; path = Assets.xcassets; sourceTree = "<group>"; };
		56467B67298BDBE800D487D7 /* Preview Assets.xcassets */ = {isa = PBXFileReference; lastKnownFileType = folder.assetcatalog; path = "Preview Assets.xcassets"; sourceTree = "<group>"; };
		56467B6D298BDBE800D487D7 /* ShiningTests.xctest */ = {isa = PBXFileReference; explicitFileType = wrapper.cfbundle; includeInIndex = 0; path = ShiningTests.xctest; sourceTree = BUILT_PRODUCTS_DIR; };
		56467B71298BDBE800D487D7 /* ShiningTests.swift */ = {isa = PBXFileReference; lastKnownFileType = sourcecode.swift; path = ShiningTests.swift; sourceTree = "<group>"; };
		56467B77298BDBE800D487D7 /* ShiningUITests.xctest */ = {isa = PBXFileReference; explicitFileType = wrapper.cfbundle; includeInIndex = 0; path = ShiningUITests.xctest; sourceTree = BUILT_PRODUCTS_DIR; };
		56467B7B298BDBE800D487D7 /* ShiningUITests.swift */ = {isa = PBXFileReference; lastKnownFileType = sourcecode.swift; path = ShiningUITests.swift; sourceTree = "<group>"; };
		56467B7D298BDBE800D487D7 /* ShiningUITestsLaunchTests.swift */ = {isa = PBXFileReference; lastKnownFileType = sourcecode.swift; path = ShiningUITestsLaunchTests.swift; sourceTree = "<group>"; };
/* End PBXFileReference section */

/* Begin PBXFrameworksBuildPhase section */
		56467B5A298BDBE700D487D7 /* Frameworks */ = {
			isa = PBXFrameworksBuildPhase;
			buildActionMask = 2147483647;
			files = (
			);
			runOnlyForDeploymentPostprocessing = 0;
		};
		56467B6A298BDBE800D487D7 /* Frameworks */ = {
			isa = PBXFrameworksBuildPhase;
			buildActionMask = 2147483647;
			files = (
			);
			runOnlyForDeploymentPostprocessing = 0;
		};
		56467B74298BDBE800D487D7 /* Frameworks */ = {
			isa = PBXFrameworksBuildPhase;
			buildActionMask = 2147483647;
			files = (
			);
			runOnlyForDeploymentPostprocessing = 0;
		};
/* End PBXFrameworksBuildPhase section */

/* Begin PBXGroup section */
		56467B54298BDBE700D487D7 = {
			isa = PBXGroup;
			children = (
				56467B5F298BDBE700D487D7 /* Shining */,
				56467B70298BDBE800D487D7 /* ShiningTests */,
				56467B7A298BDBE800D487D7 /* ShiningUITests */,
				56467B5E298BDBE700D487D7 /* Products */,
			);
			sourceTree = "<group>";
		};
		56467B5E298BDBE700D487D7 /* Products */ = {
			isa = PBXGroup;
			children = (
				56467B5D298BDBE700D487D7 /* Shining.app */,
				56467B6D298BDBE800D487D7 /* ShiningTests.xctest */,
				56467B77298BDBE800D487D7 /* ShiningUITests.xctest */,
			);
			name = Products;
			sourceTree = "<group>";
		};
		56467B5F298BDBE700D487D7 /* Shining */ = {
			isa = PBXGroup;
			children = (
				56467B8C298BDC1500D487D7 /* ViewModel */,
				56467B8B298BDC0300D487D7 /* Model */,
				56467B8A298BDBFA00D487D7 /* View */,
				56467B60298BDBE700D487D7 /* ShiningApp.swift */,
				56467B62298BDBE700D487D7 /* ContentView.swift */,
				56467B64298BDBE800D487D7 /* Assets.xcassets */,
				56467B66298BDBE800D487D7 /* Preview Content */,
			);
			path = Shining;
			sourceTree = "<group>";
		};
		56467B66298BDBE800D487D7 /* Preview Content */ = {
			isa = PBXGroup;
			children = (
				56467B67298BDBE800D487D7 /* Preview Assets.xcassets */,
			);
			path = "Preview Content";
			sourceTree = "<group>";
		};
		56467B70298BDBE800D487D7 /* ShiningTests */ = {
			isa = PBXGroup;
			children = (
				56467B71298BDBE800D487D7 /* ShiningTests.swift */,
			);
			path = ShiningTests;
			sourceTree = "<group>";
		};
		56467B7A298BDBE800D487D7 /* ShiningUITests */ = {
			isa = PBXGroup;
			children = (
				56467B7B298BDBE800D487D7 /* ShiningUITests.swift */,
				56467B7D298BDBE800D487D7 /* ShiningUITestsLaunchTests.swift */,
			);
			path = ShiningUITests;
			sourceTree = "<group>";
		};
		56467B8A298BDBFA00D487D7 /* View */ = {
			isa = PBXGroup;
			children = (
			);
			path = View;
			sourceTree = "<group>";
		};
		56467B8B298BDC0300D487D7 /* Model */ = {
			isa = PBXGroup;
			children = (
			);
			path = Model;
			sourceTree = "<group>";
		};
		56467B8C298BDC1500D487D7 /* ViewModel */ = {
			isa = PBXGroup;
			children = (
			);
			path = ViewModel;
			sourceTree = "<group>";
		};
/* End PBXGroup section */

/* Begin PBXNativeTarget section */
		56467B5C298BDBE700D487D7 /* Shining */ = {
			isa = PBXNativeTarget;
			buildConfigurationList = 56467B81298BDBE800D487D7 /* Build configuration list for PBXNativeTarget "Shining" */;
			buildPhases = (
				56467B59298BDBE700D487D7 /* Sources */,
				56467B5A298BDBE700D487D7 /* Frameworks */,
				56467B5B298BDBE700D487D7 /* Resources */,
			);
			buildRules = (
			);
			dependencies = (
			);
			name = Shining;
			productName = Shining;
			productReference = 56467B5D298BDBE700D487D7 /* Shining.app */;
			productType = "com.apple.product-type.application";
		};
		56467B6C298BDBE800D487D7 /* ShiningTests */ = {
			isa = PBXNativeTarget;
			buildConfigurationList = 56467B84298BDBE800D487D7 /* Build configuration list for PBXNativeTarget "ShiningTests" */;
			buildPhases = (
				56467B69298BDBE800D487D7 /* Sources */,
				56467B6A298BDBE800D487D7 /* Frameworks */,
				56467B6B298BDBE800D487D7 /* Resources */,
			);
			buildRules = (
			);
			dependencies = (
				56467B6F298BDBE800D487D7 /* PBXTargetDependency */,
			);
			name = ShiningTests;
			productName = ShiningTests;
			productReference = 56467B6D298BDBE800D487D7 /* ShiningTests.xctest */;
			productType = "com.apple.product-type.bundle.unit-test";
		};
		56467B76298BDBE800D487D7 /* ShiningUITests */ = {
			isa = PBXNativeTarget;
			buildConfigurationList = 56467B87298BDBE800D487D7 /* Build configuration list for PBXNativeTarget "ShiningUITests" */;
			buildPhases = (
				56467B73298BDBE800D487D7 /* Sources */,
				56467B74298BDBE800D487D7 /* Frameworks */,
				56467B75298BDBE800D487D7 /* Resources */,
			);
			buildRules = (
			);
			dependencies = (
				56467B79298BDBE800D487D7 /* PBXTargetDependency */,
			);
			name = ShiningUITests;
			productName = ShiningUITests;
			productReference = 56467B77298BDBE800D487D7 /* ShiningUITests.xctest */;
			productType = "com.apple.product-type.bundle.ui-testing";
		};
/* End PBXNativeTarget section */

/* Begin PBXProject section */
		56467B55298BDBE700D487D7 /* Project object */ = {
			isa = PBXProject;
			attributes = {
				BuildIndependentTargetsInParallel = 1;
				LastSwiftUpdateCheck = 1420;
				LastUpgradeCheck = 1420;
				TargetAttributes = {
					56467B5C298BDBE700D487D7 = {
						CreatedOnToolsVersion = 14.2;
					};
					56467B6C298BDBE800D487D7 = {
						CreatedOnToolsVersion = 14.2;
						TestTargetID = 56467B5C298BDBE700D487D7;
					};
					56467B76298BDBE800D487D7 = {
						CreatedOnToolsVersion = 14.2;
						TestTargetID = 56467B5C298BDBE700D487D7;
					};
				};
			};
			buildConfigurationList = 56467B58298BDBE700D487D7 /* Build configuration list for PBXProject "Shining" */;
			compatibilityVersion = "Xcode 14.0";
			developmentRegion = en;
			hasScannedForEncodings = 0;
			knownRegions = (
				en,
				Base,
			);
			mainGroup = 56467B54298BDBE700D487D7;
			productRefGroup = 56467B5E298BDBE700D487D7 /* Products */;
			projectDirPath = "";
			projectRoot = "";
			targets = (
				56467B5C298BDBE700D487D7 /* Shining */,
				56467B6C298BDBE800D487D7 /* ShiningTests */,
				56467B76298BDBE800D487D7 /* ShiningUITests */,
			);
		};
/* End PBXProject section */

/* Begin PBXResourcesBuildPhase section */
		56467B5B298BDBE700D487D7 /* Resources */ = {
			isa = PBXResourcesBuildPhase;
			buildActionMask = 2147483647;
			files = (
				56467B68298BDBE800D487D7 /* Preview Assets.xcassets in Resources */,
				56467B65298BDBE800D487D7 /* Assets.xcassets in Resources */,
			);
			runOnlyForDeploymentPostprocessing = 0;
		};
		56467B6B298BDBE800D487D7 /* Resources */ = {
			isa = PBXResourcesBuildPhase;
			buildActionMask = 2147483647;
			files = (
			);
			runOnlyForDeploymentPostprocessing = 0;
		};
		56467B75298BDBE800D487D7 /* Resources */ = {
			isa = PBXResourcesBuildPhase;
			buildActionMask = 2147483647;
			files = (
			);
			runOnlyForDeploymentPostprocessing = 0;
		};
/* End PBXResourcesBuildPhase section */

/* Begin PBXSourcesBuildPhase section */
		56467B59298BDBE700D487D7 /* Sources */ = {
			isa = PBXSourcesBuildPhase;
			buildActionMask = 2147483647;
			files = (
				56467B63298BDBE700D487D7 /* ContentView.swift in Sources */,
				56467B61298BDBE700D487D7 /* ShiningApp.swift in Sources */,
			);
			runOnlyForDeploymentPostprocessing = 0;
		};
		56467B69298BDBE800D487D7 /* Sources */ = {
			isa = PBXSourcesBuildPhase;
			buildActionMask = 2147483647;
			files = (
				56467B72298BDBE800D487D7 /* ShiningTests.swift in Sources */,
			);
			runOnlyForDeploymentPostprocessing = 0;
		};
		56467B73298BDBE800D487D7 /* Sources */ = {
			isa = PBXSourcesBuildPhase;
			buildActionMask = 2147483647;
			files = (
				56467B7C298BDBE800D487D7 /* ShiningUITests.swift in Sources */,
				56467B7E298BDBE800D487D7 /* ShiningUITestsLaunchTests.swift in Sources */,
			);
			runOnlyForDeploymentPostprocessing = 0;
		};
/* End PBXSourcesBuildPhase section */

/* Begin PBXTargetDependency section */
		56467B6F298BDBE800D487D7 /* PBXTargetDependency */ = {
			isa = PBXTargetDependency;
			target = 56467B5C298BDBE700D487D7 /* Shining */;
			targetProxy = 56467B6E298BDBE800D487D7 /* PBXContainerItemProxy */;
		};
		56467B79298BDBE800D487D7 /* PBXTargetDependency */ = {
			isa = PBXTargetDependency;
			target = 56467B5C298BDBE700D487D7 /* Shining */;
			targetProxy = 56467B78298BDBE800D487D7 /* PBXContainerItemProxy */;
		};
/* End PBXTargetDependency section */

/* Begin XCBuildConfiguration section */
		56467B7F298BDBE800D487D7 /* Debug */ = {
			isa = XCBuildConfiguration;
			buildSettings = {
				ALWAYS_SEARCH_USER_PATHS = NO;
				CLANG_ANALYZER_NONNULL = YES;
				CLANG_ANALYZER_NUMBER_OBJECT_CONVERSION = YES_AGGRESSIVE;
				CLANG_CXX_LANGUAGE_STANDARD = "gnu++20";
				CLANG_ENABLE_MODULES = YES;
				CLANG_ENABLE_OBJC_ARC = YES;
				CLANG_ENABLE_OBJC_WEAK = YES;
				CLANG_WARN_BLOCK_CAPTURE_AUTORELEASING = YES;
				CLANG_WARN_BOOL_CONVERSION = YES;
				CLANG_WARN_COMMA = YES;
				CLANG_WARN_CONSTANT_CONVERSION = YES;
				CLANG_WARN_DEPRECATED_OBJC_IMPLEMENTATIONS = YES;
				CLANG_WARN_DIRECT_OBJC_ISA_USAGE = YES_ERROR;
				CLANG_WARN_DOCUMENTATION_COMMENTS = YES;
				CLANG_WARN_EMPTY_BODY = YES;
				CLANG_WARN_ENUM_CONVERSION = YES;
				CLANG_WARN_INFINITE_RECURSION = YES;
				CLANG_WARN_INT_CONVERSION = YES;
				CLANG_WARN_NON_LITERAL_NULL_CONVERSION = YES;
				CLANG_WARN_OBJC_IMPLICIT_RETAIN_SELF = YES;
				CLANG_WARN_OBJC_LITERAL_CONVERSION = YES;
				CLANG_WARN_OBJC_ROOT_CLASS = YES_ERROR;
				CLANG_WARN_QUOTED_INCLUDE_IN_FRAMEWORK_HEADER = YES;
				CLANG_WARN_RANGE_LOOP_ANALYSIS = YES;
				CLANG_WARN_STRICT_PROTOTYPES = YES;
				CLANG_WARN_SUSPICIOUS_MOVE = YES;
				CLANG_WARN_UNGUARDED_AVAILABILITY = YES_AGGRESSIVE;
				CLANG_WARN_UNREACHABLE_CODE = YES;
				CLANG_WARN__DUPLICATE_METHOD_MATCH = YES;
				COPY_PHASE_STRIP = NO;
				DEBUG_INFORMATION_FORMAT = dwarf;
				ENABLE_STRICT_OBJC_MSGSEND = YES;
				ENABLE_TESTABILITY = YES;
				GCC_C_LANGUAGE_STANDARD = gnu11;
				GCC_DYNAMIC_NO_PIC = NO;
				GCC_NO_COMMON_BLOCKS = YES;
				GCC_OPTIMIZATION_LEVEL = 0;
				GCC_PREPROCESSOR_DEFINITIONS = (
					"DEBUG=1",
					"$(inherited)",
				);
				GCC_WARN_64_TO_32_BIT_CONVERSION = YES;
				GCC_WARN_ABOUT_RETURN_TYPE = YES_ERROR;
				GCC_WARN_UNDECLARED_SELECTOR = YES;
				GCC_WARN_UNINITIALIZED_AUTOS = YES_AGGRESSIVE;
				GCC_WARN_UNUSED_FUNCTION = YES;
				GCC_WARN_UNUSED_VARIABLE = YES;
				IPHONEOS_DEPLOYMENT_TARGET = 16.2;
				MTL_ENABLE_DEBUG_INFO = INCLUDE_SOURCE;
				MTL_FAST_MATH = YES;
				ONLY_ACTIVE_ARCH = YES;
				SDKROOT = iphoneos;
				SWIFT_ACTIVE_COMPILATION_CONDITIONS = DEBUG;
				SWIFT_OPTIMIZATION_LEVEL = "-Onone";
			};
			name = Debug;
		};
		56467B80298BDBE800D487D7 /* Release */ = {
			isa = XCBuildConfiguration;
			buildSettings = {
				ALWAYS_SEARCH_USER_PATHS = NO;
				CLANG_ANALYZER_NONNULL = YES;
				CLANG_ANALYZER_NUMBER_OBJECT_CONVERSION = YES_AGGRESSIVE;
				CLANG_CXX_LANGUAGE_STANDARD = "gnu++20";
				CLANG_ENABLE_MODULES = YES;
				CLANG_ENABLE_OBJC_ARC = YES;
				CLANG_ENABLE_OBJC_WEAK = YES;
				CLANG_WARN_BLOCK_CAPTURE_AUTORELEASING = YES;
				CLANG_WARN_BOOL_CONVERSION = YES;
				CLANG_WARN_COMMA = YES;
				CLANG_WARN_CONSTANT_CONVERSION = YES;
				CLANG_WARN_DEPRECATED_OBJC_IMPLEMENTATIONS = YES;
				CLANG_WARN_DIRECT_OBJC_ISA_USAGE = YES_ERROR;
				CLANG_WARN_DOCUMENTATION_COMMENTS = YES;
				CLANG_WARN_EMPTY_BODY = YES;
				CLANG_WARN_ENUM_CONVERSION = YES;
				CLANG_WARN_INFINITE_RECURSION = YES;
				CLANG_WARN_INT_CONVERSION = YES;
				CLANG_WARN_NON_LITERAL_NULL_CONVERSION = YES;
				CLANG_WARN_OBJC_IMPLICIT_RETAIN_SELF = YES;
				CLANG_WARN_OBJC_LITERAL_CONVERSION = YES;
				CLANG_WARN_OBJC_ROOT_CLASS = YES_ERROR;
				CLANG_WARN_QUOTED_INCLUDE_IN_FRAMEWORK_HEADER = YES;
				CLANG_WARN_RANGE_LOOP_ANALYSIS = YES;
				CLANG_WARN_STRICT_PROTOTYPES = YES;
				CLANG_WARN_SUSPICIOUS_MOVE = YES;
				CLANG_WARN_UNGUARDED_AVAILABILITY = YES_AGGRESSIVE;
				CLANG_WARN_UNREACHABLE_CODE = YES;
				CLANG_WARN__DUPLICATE_METHOD_MATCH = YES;
				COPY_PHASE_STRIP = NO;
				DEBUG_INFORMATION_FORMAT = "dwarf-with-dsym";
				ENABLE_NS_ASSERTIONS = NO;
				ENABLE_STRICT_OBJC_MSGSEND = YES;
				GCC_C_LANGUAGE_STANDARD = gnu11;
				GCC_NO_COMMON_BLOCKS = YES;
				GCC_WARN_64_TO_32_BIT_CONVERSION = YES;
				GCC_WARN_ABOUT_RETURN_TYPE = YES_ERROR;
				GCC_WARN_UNDECLARED_SELECTOR = YES;
				GCC_WARN_UNINITIALIZED_AUTOS = YES_AGGRESSIVE;
				GCC_WARN_UNUSED_FUNCTION = YES;
				GCC_WARN_UNUSED_VARIABLE = YES;
				IPHONEOS_DEPLOYMENT_TARGET = 16.2;
				MTL_ENABLE_DEBUG_INFO = NO;
				MTL_FAST_MATH = YES;
				SDKROOT = iphoneos;
				SWIFT_COMPILATION_MODE = wholemodule;
				SWIFT_OPTIMIZATION_LEVEL = "-O";
				VALIDATE_PRODUCT = YES;
			};
			name = Release;
		};
		56467B82298BDBE800D487D7 /* Debug */ = {
			isa = XCBuildConfiguration;
			buildSettings = {
				ASSETCATALOG_COMPILER_APPICON_NAME = AppIcon;
				ASSETCATALOG_COMPILER_GLOBAL_ACCENT_COLOR_NAME = AccentColor;
				CODE_SIGN_STYLE = Automatic;
				CURRENT_PROJECT_VERSION = 1;
				DEVELOPMENT_ASSET_PATHS = "\"Shining/Preview Content\"";
				ENABLE_PREVIEWS = YES;
				GENERATE_INFOPLIST_FILE = YES;
				INFOPLIST_KEY_UIApplicationSceneManifest_Generation = YES;
				INFOPLIST_KEY_UIApplicationSupportsIndirectInputEvents = YES;
				INFOPLIST_KEY_UILaunchScreen_Generation = YES;
				INFOPLIST_KEY_UISupportedInterfaceOrientations_iPad = "UIInterfaceOrientationPortrait UIInterfaceOrientationPortraitUpsideDown UIInterfaceOrientationLandscapeLeft UIInterfaceOrientationLandscapeRight";
				INFOPLIST_KEY_UISupportedInterfaceOrientations_iPhone = "UIInterfaceOrientationPortrait UIInterfaceOrientationLandscapeLeft UIInterfaceOrientationLandscapeRight";
				LD_RUNPATH_SEARCH_PATHS = (
					"$(inherited)",
					"@executable_path/Frameworks",
				);
				MARKETING_VERSION = 1.0;
				PRODUCT_BUNDLE_IDENTIFIER = appleaca.Shining;
				PRODUCT_NAME = "$(TARGET_NAME)";
				SWIFT_EMIT_LOC_STRINGS = YES;
				SWIFT_VERSION = 5.0;
				TARGETED_DEVICE_FAMILY = "1,2";
			};
			name = Debug;
		};
		56467B83298BDBE800D487D7 /* Release */ = {
			isa = XCBuildConfiguration;
			buildSettings = {
				ASSETCATALOG_COMPILER_APPICON_NAME = AppIcon;
				ASSETCATALOG_COMPILER_GLOBAL_ACCENT_COLOR_NAME = AccentColor;
				CODE_SIGN_STYLE = Automatic;
				CURRENT_PROJECT_VERSION = 1;
				DEVELOPMENT_ASSET_PATHS = "\"Shining/Preview Content\"";
				ENABLE_PREVIEWS = YES;
				GENERATE_INFOPLIST_FILE = YES;
				INFOPLIST_KEY_UIApplicationSceneManifest_Generation = YES;
				INFOPLIST_KEY_UIApplicationSupportsIndirectInputEvents = YES;
				INFOPLIST_KEY_UILaunchScreen_Generation = YES;
				INFOPLIST_KEY_UISupportedInterfaceOrientations_iPad = "UIInterfaceOrientationPortrait UIInterfaceOrientationPortraitUpsideDown UIInterfaceOrientationLandscapeLeft UIInterfaceOrientationLandscapeRight";
				INFOPLIST_KEY_UISupportedInterfaceOrientations_iPhone = "UIInterfaceOrientationPortrait UIInterfaceOrientationLandscapeLeft UIInterfaceOrientationLandscapeRight";
				LD_RUNPATH_SEARCH_PATHS = (
					"$(inherited)",
					"@executable_path/Frameworks",
				);
				MARKETING_VERSION = 1.0;
				PRODUCT_BUNDLE_IDENTIFIER = appleaca.Shining;
				PRODUCT_NAME = "$(TARGET_NAME)";
				SWIFT_EMIT_LOC_STRINGS = YES;
				SWIFT_VERSION = 5.0;
				TARGETED_DEVICE_FAMILY = "1,2";
			};
			name = Release;
		};
		56467B85298BDBE800D487D7 /* Debug */ = {
			isa = XCBuildConfiguration;
			buildSettings = {
				ALWAYS_EMBED_SWIFT_STANDARD_LIBRARIES = YES;
				BUNDLE_LOADER = "$(TEST_HOST)";
				CODE_SIGN_STYLE = Automatic;
				CURRENT_PROJECT_VERSION = 1;
				GENERATE_INFOPLIST_FILE = YES;
				IPHONEOS_DEPLOYMENT_TARGET = 16.2;
				MARKETING_VERSION = 1.0;
				PRODUCT_BUNDLE_IDENTIFIER = appleaca.ShiningTests;
				PRODUCT_NAME = "$(TARGET_NAME)";
				SWIFT_EMIT_LOC_STRINGS = NO;
				SWIFT_VERSION = 5.0;
				TARGETED_DEVICE_FAMILY = "1,2";
				TEST_HOST = "$(BUILT_PRODUCTS_DIR)/Shining.app/$(BUNDLE_EXECUTABLE_FOLDER_PATH)/Shining";
			};
			name = Debug;
		};
		56467B86298BDBE800D487D7 /* Release */ = {
			isa = XCBuildConfiguration;
			buildSettings = {
				ALWAYS_EMBED_SWIFT_STANDARD_LIBRARIES = YES;
				BUNDLE_LOADER = "$(TEST_HOST)";
				CODE_SIGN_STYLE = Automatic;
				CURRENT_PROJECT_VERSION = 1;
				GENERATE_INFOPLIST_FILE = YES;
				IPHONEOS_DEPLOYMENT_TARGET = 16.2;
				MARKETING_VERSION = 1.0;
				PRODUCT_BUNDLE_IDENTIFIER = appleaca.ShiningTests;
				PRODUCT_NAME = "$(TARGET_NAME)";
				SWIFT_EMIT_LOC_STRINGS = NO;
				SWIFT_VERSION = 5.0;
				TARGETED_DEVICE_FAMILY = "1,2";
				TEST_HOST = "$(BUILT_PRODUCTS_DIR)/Shining.app/$(BUNDLE_EXECUTABLE_FOLDER_PATH)/Shining";
			};
			name = Release;
		};
		56467B88298BDBE800D487D7 /* Debug */ = {
			isa = XCBuildConfiguration;
			buildSettings = {
				ALWAYS_EMBED_SWIFT_STANDARD_LIBRARIES = YES;
				CODE_SIGN_STYLE = Automatic;
				CURRENT_PROJECT_VERSION = 1;
				GENERATE_INFOPLIST_FILE = YES;
				MARKETING_VERSION = 1.0;
				PRODUCT_BUNDLE_IDENTIFIER = appleaca.ShiningUITests;
				PRODUCT_NAME = "$(TARGET_NAME)";
				SWIFT_EMIT_LOC_STRINGS = NO;
				SWIFT_VERSION = 5.0;
				TARGETED_DEVICE_FAMILY = "1,2";
				TEST_TARGET_NAME = Shining;
			};
			name = Debug;
		};
		56467B89298BDBE800D487D7 /* Release */ = {
			isa = XCBuildConfiguration;
			buildSettings = {
				ALWAYS_EMBED_SWIFT_STANDARD_LIBRARIES = YES;
				CODE_SIGN_STYLE = Automatic;
				CURRENT_PROJECT_VERSION = 1;
				GENERATE_INFOPLIST_FILE = YES;
				MARKETING_VERSION = 1.0;
				PRODUCT_BUNDLE_IDENTIFIER = appleaca.ShiningUITests;
				PRODUCT_NAME = "$(TARGET_NAME)";
				SWIFT_EMIT_LOC_STRINGS = NO;
				SWIFT_VERSION = 5.0;
				TARGETED_DEVICE_FAMILY = "1,2";
				TEST_TARGET_NAME = Shining;
			};
			name = Release;
		};
/* End XCBuildConfiguration section */

/* Begin XCConfigurationList section */
		56467B58298BDBE700D487D7 /* Build configuration list for PBXProject "Shining" */ = {
			isa = XCConfigurationList;
			buildConfigurations = (
				56467B7F298BDBE800D487D7 /* Debug */,
				56467B80298BDBE800D487D7 /* Release */,
			);
			defaultConfigurationIsVisible = 0;
			defaultConfigurationName = Release;
		};
		56467B81298BDBE800D487D7 /* Build configuration list for PBXNativeTarget "Shining" */ = {
			isa = XCConfigurationList;
			buildConfigurations = (
				56467B82298BDBE800D487D7 /* Debug */,
				56467B83298BDBE800D487D7 /* Release */,
			);
			defaultConfigurationIsVisible = 0;
			defaultConfigurationName = Release;
		};
		56467B84298BDBE800D487D7 /* Build configuration list for PBXNativeTarget "ShiningTests" */ = {
			isa = XCConfigurationList;
			buildConfigurations = (
				56467B85298BDBE800D487D7 /* Debug */,
				56467B86298BDBE800D487D7 /* Release */,
			);
			defaultConfigurationIsVisible = 0;
			defaultConfigurationName = Release;
		};
		56467B87298BDBE800D487D7 /* Build configuration list for PBXNativeTarget "ShiningUITests" */ = {
			isa = XCConfigurationList;
			buildConfigurations = (
				56467B88298BDBE800D487D7 /* Debug */,
				56467B89298BDBE800D487D7 /* Release */,
			);
			defaultConfigurationIsVisible = 0;
			defaultConfigurationName = Release;
		};
/* End XCConfigurationList section */
	};
	rootObject = 56467B55298BDBE700D487D7 /* Project object */;
}
